# This file is generated by running "yarn install" inside your project.
# Manual changes might be lost - proceed with caution!

__metadata:
  version: 6
  cacheKey: 8

"@babel/runtime@npm:^7.10.5":
  version: 7.23.2
  resolution: "@babel/runtime@npm:7.23.2"
  dependencies:
    regenerator-runtime: ^0.14.0
  checksum: 6c4df4839ec75ca10175f636d6362f91df8a3137f86b38f6cd3a4c90668a0fe8e9281d320958f4fbd43b394988958585a17c3aab2a4ea6bf7316b22916a371fb
  languageName: node
  linkType: hard

"@breejs/later@npm:^4.1.0":
  version: 4.1.0
  resolution: "@breejs/later@npm:4.1.0"
  checksum: 0d1c2e06b8b20266ec1aaa09ce96f1b24504d6248a62ac3455a0f46fb9189bae0a5960f962c02cd21dbf9794dd11566e970a8204f02af12f6d6815b32b2d2f1e
  languageName: node
  linkType: hard

"@pedroslopez/moduleraid@npm:^5.0.2":
  version: 5.0.2
  resolution: "@pedroslopez/moduleraid@npm:5.0.2"
  checksum: b5668cb8d602e3fae0bcd75172f53b301814582ec288f4413127377a8be007aafc63846855431b6096a70dc9f113b059f6286bbc254f3bdbec435ba517dae36f
  languageName: node
  linkType: hard

"@sapphire/prettier-config@npm:^2.0.0":
  version: 2.0.0
  resolution: "@sapphire/prettier-config@npm:2.0.0"
  dependencies:
    prettier: ^3.0.0
  checksum: 5e7aa2f3c29587d8bd409d66e75ffa5ff6d6b98df6bdfb82dedb6d43b6134a5ba764d95dfc6b252b92bb4a56f125b22b83737449ee8dbf1d2ff41b0f1b6e87f7
  languageName: node
  linkType: hard

"@types/lodash@npm:^4.14.165":
  version: 4.14.200
  resolution: "@types/lodash@npm:4.14.200"
  checksum: 6471f8bb5da692a6ecf03a8da4935bfbc341e67ee9bcb4f5730bfacff0c367232548f0a01e8ac5ea18c6fe78fb085d502494e33ccb47a7ee87cbdee03b47d00d
  languageName: node
  linkType: hard

"@types/node@npm:*":
  version: 20.8.7
  resolution: "@types/node@npm:20.8.7"
  dependencies:
    undici-types: ~5.25.1
  checksum: 2173c0c03daefcb60c03a61b1371b28c8fe412e7a40dc6646458b809d14a85fbc7aeb369d957d57f0aaaafd99964e77436f29b3b579232d8f2b20c58abbd1d25
  languageName: node
  linkType: hard

"@types/yauzl@npm:^2.9.1":
  version: 2.10.2
  resolution: "@types/yauzl@npm:2.10.2"
  dependencies:
    "@types/node": "*"
  checksum: 4ee53b704074064179ed50881b2dfa6f07f8a7032af487f513aa04f0ed333be4ff4231ac8531e6a2024cc45ac69a22e78a2ff4e39a6ed2fe8cc0bfabc353da45
  languageName: node
  linkType: hard

"agent-base@npm:6":
  version: 6.0.2
  resolution: "agent-base@npm:6.0.2"
  dependencies:
    debug: 4
  checksum: f52b6872cc96fd5f622071b71ef200e01c7c4c454ee68bc9accca90c98cfb39f2810e3e9aa330435835eedc8c23f4f8a15267f67c6e245d2b33757575bdac49d
  languageName: node
  linkType: hard

"archiver-utils@npm:^2.1.0":
  version: 2.1.0
  resolution: "archiver-utils@npm:2.1.0"
  dependencies:
    glob: ^7.1.4
    graceful-fs: ^4.2.0
    lazystream: ^1.0.0
    lodash.defaults: ^4.2.0
    lodash.difference: ^4.5.0
    lodash.flatten: ^4.4.0
    lodash.isplainobject: ^4.0.6
    lodash.union: ^4.6.0
    normalize-path: ^3.0.0
    readable-stream: ^2.0.0
  checksum: 5665f40bde87ee82cb638177bdccca8cc6e55edea1b94338f7e6b56a1d9367b0d9a39e42b47866eaf84b8c67669a7d250900a226207ecc30fa163b52aae859a5
  languageName: node
  linkType: hard

"archiver-utils@npm:^3.0.4":
  version: 3.0.4
  resolution: "archiver-utils@npm:3.0.4"
  dependencies:
    glob: ^7.2.3
    graceful-fs: ^4.2.0
    lazystream: ^1.0.0
    lodash.defaults: ^4.2.0
    lodash.difference: ^4.5.0
    lodash.flatten: ^4.4.0
    lodash.isplainobject: ^4.0.6
    lodash.union: ^4.6.0
    normalize-path: ^3.0.0
    readable-stream: ^3.6.0
  checksum: 5c6568f1185fb6c4b85282ad3281a5a024761bf27e525de1ec54255d15ca98e19532e7b5403930273911a5c8c961aa0c1e9148d6c2810784fa6bd8a97c0021a7
  languageName: node
  linkType: hard

"archiver@npm:^5.3.1":
  version: 5.3.2
  resolution: "archiver@npm:5.3.2"
  dependencies:
    archiver-utils: ^2.1.0
    async: ^3.2.4
    buffer-crc32: ^0.2.1
    readable-stream: ^3.6.0
    readdir-glob: ^1.1.2
    tar-stream: ^2.2.0
    zip-stream: ^4.1.0
  checksum: 7d3b9b9b51cf54d88c89fbca9b0847c120bfcf9776c7025c52dd0b62f6603dc63dc0f3f1a09582f936f67e3906b46d58954cc762a255be45e8d3e14e3cb0b0b1
  languageName: node
  linkType: hard

"async@npm:>=0.2.9, async@npm:^3.2.4":
  version: 3.2.4
  resolution: "async@npm:3.2.4"
  checksum: 43d07459a4e1d09b84a20772414aa684ff4de085cbcaec6eea3c7a8f8150e8c62aa6cd4e699fe8ee93c3a5b324e777d34642531875a0817a35697522c1b02e89
  languageName: node
  linkType: hard

"balanced-match@npm:^1.0.0":
  version: 1.0.2
  resolution: "balanced-match@npm:1.0.2"
  checksum: 9706c088a283058a8a99e0bf91b0a2f75497f185980d9ffa8b304de1d9e58ebda7c72c07ebf01dadedaac5b2907b2c6f566f660d62bd336c3468e960403b9d65
  languageName: node
  linkType: hard

"base64-js@npm:^1.3.1":
  version: 1.5.1
  resolution: "base64-js@npm:1.5.1"
  checksum: 669632eb3745404c2f822a18fc3a0122d2f9a7a13f7fb8b5823ee19d1d2ff9ee5b52c53367176ea4ad093c332fd5ab4bd0ebae5a8e27917a4105a4cfc86b1005
  languageName: node
  linkType: hard

"big-integer@npm:^1.6.17":
  version: 1.6.51
  resolution: "big-integer@npm:1.6.51"
  checksum: 3d444173d1b2e20747e2c175568bedeebd8315b0637ea95d75fd27830d3b8e8ba36c6af40374f36bdaea7b5de376dcada1b07587cb2a79a928fccdb6e6e3c518
  languageName: node
  linkType: hard

"binary@npm:~0.3.0":
  version: 0.3.0
  resolution: "binary@npm:0.3.0"
  dependencies:
    buffers: ~0.1.1
    chainsaw: ~0.1.0
  checksum: b4699fda9e2c2981e74a46b0115cf0d472eda9b68c0e9d229ef494e92f29ce81acf0a834415094cffcc340dfee7c4ef8ce5d048c65c18067a7ed850323f777af
  languageName: node
  linkType: hard

"bl@npm:^4.0.3":
  version: 4.1.0
  resolution: "bl@npm:4.1.0"
  dependencies:
    buffer: ^5.5.0
    inherits: ^2.0.4
    readable-stream: ^3.4.0
  checksum: 9e8521fa7e83aa9427c6f8ccdcba6e8167ef30cc9a22df26effcc5ab682ef91d2cbc23a239f945d099289e4bbcfae7a192e9c28c84c6202e710a0dfec3722662
  languageName: node
  linkType: hard

"bluebird@npm:~3.4.1":
  version: 3.4.7
  resolution: "bluebird@npm:3.4.7"
  checksum: bffa9dee7d3a41ab15c4f3f24687b49959b4e64e55c058a062176feb8ccefc2163414fb4e1a0f3053bf187600936509660c3ebd168fd9f0e48c7eba23b019466
  languageName: node
  linkType: hard

"boolean@npm:^3.2.0":
  version: 3.2.0
  resolution: "boolean@npm:3.2.0"
  checksum: fb29535b8bf710ef45279677a86d14f5185d604557204abd2ca5fa3fb2a5c80e04d695c8dbf13ab269991977a79bb6c04b048220a6b2a3849853faa94f4a7d77
  languageName: node
  linkType: hard

"brace-expansion@npm:^1.1.7":
  version: 1.1.11
  resolution: "brace-expansion@npm:1.1.11"
  dependencies:
    balanced-match: ^1.0.0
    concat-map: 0.0.1
  checksum: faf34a7bb0c3fcf4b59c7808bc5d2a96a40988addf2e7e09dfbb67a2251800e0d14cd2bfc1aa79174f2f5095c54ff27f46fb1289fe2d77dac755b5eb3434cc07
  languageName: node
  linkType: hard

"brace-expansion@npm:^2.0.1":
  version: 2.0.1
  resolution: "brace-expansion@npm:2.0.1"
  dependencies:
    balanced-match: ^1.0.0
  checksum: a61e7cd2e8a8505e9f0036b3b6108ba5e926b4b55089eeb5550cd04a471fe216c96d4fe7e4c7f995c728c554ae20ddfc4244cad10aef255e72b62930afd233d1
  languageName: node
  linkType: hard

"bree@npm:^9.1.3":
  version: 9.1.3
  resolution: "bree@npm:9.1.3"
  dependencies:
    "@breejs/later": ^4.1.0
    boolean: ^3.2.0
    combine-errors: ^3.0.3
    cron-validate: ^1.4.3
    human-interval: ^2.0.1
    is-string-and-not-blank: ^0.0.2
    is-valid-path: ^0.1.1
    ms: ^2.1.3
    p-wait-for: 3
    safe-timers: ^1.1.0
  checksum: ff89950eaa214342dde87de8aab460cb84744626e82873f88533bcbed2447fd965a26533e26915afce6aaa220383186200a91df78f748bedf576986bef7488e2
  languageName: node
  linkType: hard

"buffer-crc32@npm:^0.2.1, buffer-crc32@npm:^0.2.13, buffer-crc32@npm:~0.2.3":
  version: 0.2.13
  resolution: "buffer-crc32@npm:0.2.13"
  checksum: 06252347ae6daca3453b94e4b2f1d3754a3b146a111d81c68924c22d91889a40623264e95e67955b1cb4a68cbedf317abeabb5140a9766ed248973096db5ce1c
  languageName: node
  linkType: hard

"buffer-indexof-polyfill@npm:~1.0.0":
  version: 1.0.2
  resolution: "buffer-indexof-polyfill@npm:1.0.2"
  checksum: fbfb2d69c6bb2df235683126f9dc140150c08ac3630da149913a9971947b667df816a913b6993bc48f4d611999cb99a1589914d34c02dccd2234afda5cb75bbc
  languageName: node
  linkType: hard

"buffer@npm:^5.2.1, buffer@npm:^5.5.0":
  version: 5.7.1
  resolution: "buffer@npm:5.7.1"
  dependencies:
    base64-js: ^1.3.1
    ieee754: ^1.1.13
  checksum: e2cf8429e1c4c7b8cbd30834ac09bd61da46ce35f5c22a78e6c2f04497d6d25541b16881e30a019c6fd3154150650ccee27a308eff3e26229d788bbdeb08ab84
  languageName: node
  linkType: hard

"buffers@npm:~0.1.1":
  version: 0.1.1
  resolution: "buffers@npm:0.1.1"
  checksum: ad6f8e483efab39cefd92bdc04edbff6805e4211b002f4d1cfb70c6c472a61cc89fb18c37bcdfdd4ee416ca096e9ff606286698a7d41a18b539bac12fd76d4d5
  languageName: node
  linkType: hard

"chainsaw@npm:~0.1.0":
  version: 0.1.0
  resolution: "chainsaw@npm:0.1.0"
  dependencies:
    traverse: ">=0.3.0 <0.4"
  checksum: 22a96b9fb0cd9fb20813607c0869e61817d1acc81b5d455cc6456b5e460ea1dd52630e0f76b291cf8294bfb6c1fc42e299afb52104af9096242699d6d3aa6d3e
  languageName: node
  linkType: hard

"chownr@npm:^1.1.1":
  version: 1.1.4
  resolution: "chownr@npm:1.1.4"
  checksum: 115648f8eb38bac5e41c3857f3e663f9c39ed6480d1349977c4d96c95a47266fcacc5a5aabf3cb6c481e22d72f41992827db47301851766c4fd77ac21a4f081d
  languageName: node
  linkType: hard

"combine-errors@npm:^3.0.3":
  version: 3.0.3
  resolution: "combine-errors@npm:3.0.3"
  dependencies:
    custom-error-instance: 2.1.1
    lodash.uniqby: 4.5.0
  checksum: bd0b0d2a4020f9976b8fe8eb7d5aa855b43ecacdcb61ee1fc5664d73ff8c1d7d0bbe4dd948bea7ba1870518bfc5688b89941de7a4967659418b4664cdb02884f
  languageName: node
  linkType: hard

"compress-commons@npm:^4.1.2":
  version: 4.1.2
  resolution: "compress-commons@npm:4.1.2"
  dependencies:
    buffer-crc32: ^0.2.13
    crc32-stream: ^4.0.2
    normalize-path: ^3.0.0
    readable-stream: ^3.6.0
  checksum: b50c4b5d6b8917ea164eef81d414b1824f27e02427f9266926c80aad55f9e15f81f74c274770773c2b732c22d1081b81dedce4f133271a466151f7f36b8e9dc9
  languageName: node
  linkType: hard

"concat-map@npm:0.0.1":
  version: 0.0.1
  resolution: "concat-map@npm:0.0.1"
  checksum: 902a9f5d8967a3e2faf138d5cb784b9979bad2e6db5357c5b21c568df4ebe62bcb15108af1b2253744844eb964fc023fbd9afbbbb6ddd0bcc204c6fb5b7bf3af
  languageName: node
  linkType: hard

"core-util-is@npm:~1.0.0":
  version: 1.0.3
  resolution: "core-util-is@npm:1.0.3"
  checksum: 9de8597363a8e9b9952491ebe18167e3b36e7707569eed0ebf14f8bba773611376466ae34575bca8cfe3c767890c859c74056084738f09d4e4a6f902b2ad7d99
  languageName: node
  linkType: hard

"crc-32@npm:^1.2.0":
  version: 1.2.2
  resolution: "crc-32@npm:1.2.2"
  bin:
    crc32: bin/crc32.njs
  checksum: ad2d0ad0cbd465b75dcaeeff0600f8195b686816ab5f3ba4c6e052a07f728c3e70df2e3ca9fd3d4484dc4ba70586e161ca5a2334ec8bf5a41bf022a6103ff243
  languageName: node
  linkType: hard

"crc32-stream@npm:^4.0.2":
  version: 4.0.3
  resolution: "crc32-stream@npm:4.0.3"
  dependencies:
    crc-32: ^1.2.0
    readable-stream: ^3.4.0
  checksum: d44d0ec6f04d8a1bed899ac3e4fbb82111ed567ea6d506be39147362af45c747887fce1032f4beca1646b4824e5a9614cd3332bfa94bbc5577ca5445e7f75ddd
  languageName: node
  linkType: hard

"cron-validate@npm:^1.4.3":
  version: 1.4.5
  resolution: "cron-validate@npm:1.4.5"
  dependencies:
    yup: 0.32.9
  checksum: 9d418955d91397e634515536f6e660565c8e87825cf51cc377af52c75241b473e1dcf17676cd2ad0302e70a1d340ae4343568ff7efc1d746965afe3f8921f3b1
  languageName: node
  linkType: hard

"cross-fetch@npm:3.1.5":
  version: 3.1.5
  resolution: "cross-fetch@npm:3.1.5"
  dependencies:
    node-fetch: 2.6.7
  checksum: f6b8c6ee3ef993ace6277fd789c71b6acf1b504fd5f5c7128df4ef2f125a429e29cd62dc8c127523f04a5f2fa4771ed80e3f3d9695617f441425045f505cf3bb
  languageName: node
  linkType: hard

"custom-error-instance@npm:2.1.1":
  version: 2.1.1
  resolution: "custom-error-instance@npm:2.1.1"
  checksum: db01483864c9f4356b720b443a1f9b374758745a75199187a0ccc12505cf822bc801a0d8e3f96d727559880024f40e09667d5c08e5de0bff243c6b5ae0bd303c
  languageName: node
  linkType: hard

"debug@npm:4, debug@npm:4.3.4, debug@npm:^4.1.1":
  version: 4.3.4
  resolution: "debug@npm:4.3.4"
  dependencies:
    ms: 2.1.2
  peerDependenciesMeta:
    supports-color:
      optional: true
  checksum: 3dbad3f94ea64f34431a9cbf0bafb61853eda57bff2880036153438f50fb5a84f27683ba0d8e5426bf41a8c6ff03879488120cf5b3a761e77953169c0600a708
  languageName: node
  linkType: hard

"devtools-protocol@npm:0.0.981744":
  version: 0.0.981744
  resolution: "devtools-protocol@npm:0.0.981744"
  checksum: 609901bff551f5fbe98e272bdda7269de527e28fab138de371ffd7e9a06fa68ca2eec2e961bd1cd6fd98223ccee562c55b7ce3235d4e37cc8d85d6681bc45593
  languageName: node
  linkType: hard

"duplexer2@npm:~0.1.4":
  version: 0.1.4
  resolution: "duplexer2@npm:0.1.4"
  dependencies:
    readable-stream: ^2.0.2
  checksum: 744961f03c7f54313f90555ac20284a3fb7bf22fdff6538f041a86c22499560eb6eac9d30ab5768054137cb40e6b18b40f621094e0261d7d8c35a37b7a5ad241
  languageName: node
  linkType: hard

"end-of-stream@npm:^1.1.0, end-of-stream@npm:^1.4.1":
  version: 1.4.4
  resolution: "end-of-stream@npm:1.4.4"
  dependencies:
    once: ^1.4.0
  checksum: 530a5a5a1e517e962854a31693dbb5c0b2fc40b46dad2a56a2deec656ca040631124f4795823acc68238147805f8b021abbe221f4afed5ef3c8e8efc2024908b
  languageName: node
  linkType: hard

"extract-zip@npm:2.0.1":
  version: 2.0.1
  resolution: "extract-zip@npm:2.0.1"
  dependencies:
    "@types/yauzl": ^2.9.1
    debug: ^4.1.1
    get-stream: ^5.1.0
    yauzl: ^2.10.0
  dependenciesMeta:
    "@types/yauzl":
      optional: true
  bin:
    extract-zip: cli.js
  checksum: 8cbda9debdd6d6980819cc69734d874ddd71051c9fe5bde1ef307ebcedfe949ba57b004894b585f758b7c9eeeea0e3d87f2dda89b7d25320459c2c9643ebb635
  languageName: node
  linkType: hard

"fd-slicer@npm:~1.1.0":
  version: 1.1.0
  resolution: "fd-slicer@npm:1.1.0"
  dependencies:
    pend: ~1.2.0
  checksum: c8585fd5713f4476eb8261150900d2cb7f6ff2d87f8feb306ccc8a1122efd152f1783bdb2b8dc891395744583436bfd8081d8e63ece0ec8687eeefea394d4ff2
  languageName: node
  linkType: hard

"find-up@npm:^4.0.0":
  version: 4.1.0
  resolution: "find-up@npm:4.1.0"
  dependencies:
    locate-path: ^5.0.0
    path-exists: ^4.0.0
  checksum: 4c172680e8f8c1f78839486e14a43ef82e9decd0e74145f40707cc42e7420506d5ec92d9a11c22bd2c48fb0c384ea05dd30e10dd152fefeec6f2f75282a8b844
  languageName: node
  linkType: hard

"fluent-ffmpeg@npm:^2.1.2":
  version: 2.1.2
  resolution: "fluent-ffmpeg@npm:2.1.2"
  dependencies:
    async: ">=0.2.9"
    which: ^1.1.1
  checksum: ab7ed909486298f33b991af051c38e40410ae5b03b0b6d33d0855636a0b56330ffe9efed6c7eedb00f1c6c713c795cbdb283f6f2216db925ae5e737a22c6a97f
  languageName: node
  linkType: hard

"fs-constants@npm:^1.0.0":
  version: 1.0.0
  resolution: "fs-constants@npm:1.0.0"
  checksum: 18f5b718371816155849475ac36c7d0b24d39a11d91348cfcb308b4494824413e03572c403c86d3a260e049465518c4f0d5bd00f0371cdfcad6d4f30a85b350d
  languageName: node
  linkType: hard

"fs-extra@npm:^10.1.0":
  version: 10.1.0
  resolution: "fs-extra@npm:10.1.0"
  dependencies:
    graceful-fs: ^4.2.0
    jsonfile: ^6.0.1
    universalify: ^2.0.0
  checksum: dc94ab37096f813cc3ca12f0f1b5ad6744dfed9ed21e953d72530d103cea193c2f81584a39e9dee1bea36de5ee66805678c0dddc048e8af1427ac19c00fffc50
  languageName: node
  linkType: hard

"fs.realpath@npm:^1.0.0":
  version: 1.0.0
  resolution: "fs.realpath@npm:1.0.0"
  checksum: 99ddea01a7e75aa276c250a04eedeffe5662bce66c65c07164ad6264f9de18fb21be9433ead460e54cff20e31721c811f4fb5d70591799df5f85dce6d6746fd0
  languageName: node
  linkType: hard

"fstream@npm:^1.0.12":
  version: 1.0.12
  resolution: "fstream@npm:1.0.12"
  dependencies:
    graceful-fs: ^4.1.2
    inherits: ~2.0.0
    mkdirp: ">=0.5 0"
    rimraf: 2
  checksum: e6998651aeb85fd0f0a8a68cec4d05a3ada685ecc4e3f56e0d063d0564a4fc39ad11a856f9020f926daf869fc67f7a90e891def5d48e4cadab875dc313094536
  languageName: node
  linkType: hard

"get-stream@npm:^5.1.0":
  version: 5.2.0
  resolution: "get-stream@npm:5.2.0"
  dependencies:
    pump: ^3.0.0
  checksum: 8bc1a23174a06b2b4ce600df38d6c98d2ef6d84e020c1ddad632ad75bac4e092eeb40e4c09e0761c35fc2dbc5e7fff5dab5e763a383582c4a167dd69a905bd12
  languageName: node
  linkType: hard

"glob@npm:^7.1.3, glob@npm:^7.1.4, glob@npm:^7.2.3":
  version: 7.2.3
  resolution: "glob@npm:7.2.3"
  dependencies:
    fs.realpath: ^1.0.0
    inflight: ^1.0.4
    inherits: 2
    minimatch: ^3.1.1
    once: ^1.3.0
    path-is-absolute: ^1.0.0
  checksum: 29452e97b38fa704dabb1d1045350fb2467cf0277e155aa9ff7077e90ad81d1ea9d53d3ee63bd37c05b09a065e90f16aec4a65f5b8de401d1dac40bc5605d133
  languageName: node
  linkType: hard

"graceful-fs@npm:^4.1.2, graceful-fs@npm:^4.1.6, graceful-fs@npm:^4.2.0, graceful-fs@npm:^4.2.2":
  version: 4.2.11
  resolution: "graceful-fs@npm:4.2.11"
  checksum: ac85f94da92d8eb6b7f5a8b20ce65e43d66761c55ce85ac96df6865308390da45a8d3f0296dd3a663de65d30ba497bd46c696cc1e248c72b13d6d567138a4fc7
  languageName: node
  linkType: hard

"https-proxy-agent@npm:5.0.1":
  version: 5.0.1
  resolution: "https-proxy-agent@npm:5.0.1"
  dependencies:
    agent-base: 6
    debug: 4
  checksum: 571fccdf38184f05943e12d37d6ce38197becdd69e58d03f43637f7fa1269cf303a7d228aa27e5b27bbd3af8f09fd938e1c91dcfefff2df7ba77c20ed8dfc765
  languageName: node
  linkType: hard

"human-interval@npm:^2.0.1":
  version: 2.0.1
  resolution: "human-interval@npm:2.0.1"
  dependencies:
    numbered: ^1.1.0
  checksum: 8f1b37485f554d1f7a3fa2cefdbd9cee2df3ff2cfb86ae1db9f58f2db9d524d44863c2d291f04c810317f2fa7ceeda2188281985c7d65b3774d53c9e835ed55c
  languageName: node
  linkType: hard

"ieee754@npm:^1.1.13":
  version: 1.2.1
  resolution: "ieee754@npm:1.2.1"
  checksum: 5144c0c9815e54ada181d80a0b810221a253562422e7c6c3a60b1901154184f49326ec239d618c416c1c5945a2e197107aee8d986a3dd836b53dffefd99b5e7e
  languageName: node
  linkType: hard

"inflight@npm:^1.0.4":
  version: 1.0.6
  resolution: "inflight@npm:1.0.6"
  dependencies:
    once: ^1.3.0
    wrappy: 1
  checksum: f4f76aa072ce19fae87ce1ef7d221e709afb59d445e05d47fba710e85470923a75de35bfae47da6de1b18afc3ce83d70facf44cfb0aff89f0a3f45c0a0244dfd
  languageName: node
  linkType: hard

"inherits@npm:2, inherits@npm:^2.0.3, inherits@npm:^2.0.4, inherits@npm:~2.0.0, inherits@npm:~2.0.3":
  version: 2.0.4
  resolution: "inherits@npm:2.0.4"
  checksum: 4a48a733847879d6cf6691860a6b1e3f0f4754176e4d71494c41f3475553768b10f84b5ce1d40fbd0e34e6bfbb864ee35858ad4dd2cf31e02fc4a154b724d7f1
  languageName: node
  linkType: hard

"is-extglob@npm:^1.0.0":
  version: 1.0.0
  resolution: "is-extglob@npm:1.0.0"
  checksum: 5eea8517feeae5206547c0fc838c1416ec763b30093c286e1965a05f46b74a59ad391f912565f3b67c9c31cab4769ab9c35420e016b608acb47309be8d0d6e94
  languageName: node
  linkType: hard

"is-glob@npm:^2.0.0":
  version: 2.0.1
  resolution: "is-glob@npm:2.0.1"
  dependencies:
    is-extglob: ^1.0.0
  checksum: 089f5f93640072491396a5f075ce73e949a90f35832b782bc49a6b7637d58e392d53cb0b395e059ccab70fcb82ff35d183f6f9ebbcb43227a1e02e3fed5430c9
  languageName: node
  linkType: hard

"is-invalid-path@npm:^0.1.0":
  version: 0.1.0
  resolution: "is-invalid-path@npm:0.1.0"
  dependencies:
    is-glob: ^2.0.0
  checksum: 184dd40d9c7a765506e4fdcd7e664f86de68a4d5d429964b160255fe40de1b4323d1b4e6ea76ff87debf788a330e4f27cb1dfe5fc2420405e1c8a16a6ed87092
  languageName: node
  linkType: hard

"is-string-and-not-blank@npm:^0.0.2":
  version: 0.0.2
  resolution: "is-string-and-not-blank@npm:0.0.2"
  dependencies:
    is-string-blank: ^1.0.1
  checksum: 9b0fff4f0974ffaceb382dcf012587d1ad5d5013d7260a4e85621b67fbcb29ca906bcd607fe71bdd72c642f7b56b5b9e779f9d54224b826da9aa48b2003b6113
  languageName: node
  linkType: hard

"is-string-blank@npm:^1.0.1":
  version: 1.0.1
  resolution: "is-string-blank@npm:1.0.1"
  checksum: 00a0955c2bac08cc84f9f878d2a3fdba86997ac23c0b661e50f39efba635444d9cec84237337200be9a4e07234069318498592817614525cd959ae0d43df2151
  languageName: node
  linkType: hard

"is-valid-path@npm:^0.1.1":
  version: 0.1.1
  resolution: "is-valid-path@npm:0.1.1"
  dependencies:
    is-invalid-path: ^0.1.0
  checksum: d6e716a4a999c75e32ff91ff1ea684fc9e69de05747ec4aaae049460beb971c79f474629dd87a5b4b662691f8323c1920f1b6f1dcdcb39b07082f0ff77b71da6
  languageName: node
  linkType: hard

"isarray@npm:~1.0.0":
  version: 1.0.0
  resolution: "isarray@npm:1.0.0"
  checksum: f032df8e02dce8ec565cf2eb605ea939bdccea528dbcf565cdf92bfa2da9110461159d86a537388ef1acef8815a330642d7885b29010e8f7eac967c9993b65ab
  languageName: node
  linkType: hard

"isexe@npm:^2.0.0":
  version: 2.0.0
  resolution: "isexe@npm:2.0.0"
  checksum: 26bf6c5480dda5161c820c5b5c751ae1e766c587b1f951ea3fcfc973bafb7831ae5b54a31a69bd670220e42e99ec154475025a468eae58ea262f813fdc8d1c62
  languageName: node
  linkType: hard

"jsonfile@npm:^6.0.1":
  version: 6.1.0
  resolution: "jsonfile@npm:6.1.0"
  dependencies:
    graceful-fs: ^4.1.6
    universalify: ^2.0.0
  dependenciesMeta:
    graceful-fs:
      optional: true
  checksum: 7af3b8e1ac8fe7f1eccc6263c6ca14e1966fcbc74b618d3c78a0a2075579487547b94f72b7a1114e844a1e15bb00d440e5d1720bfc4612d790a6f285d5ea8354
  languageName: node
  linkType: hard

"jsqr@npm:^1.3.1":
  version: 1.4.0
  resolution: "jsqr@npm:1.4.0"
  checksum: 7c572971f90c42772e30d152bde63b84edf1164bde80c53942e6b2068ea31caf00ad704aa46cacc9e71645f52dbeddebc6e84ba15e883c678ee93cde690de339
  languageName: node
  linkType: hard

"lazystream@npm:^1.0.0":
  version: 1.0.1
  resolution: "lazystream@npm:1.0.1"
  dependencies:
    readable-stream: ^2.0.5
  checksum: 822c54c6b87701a6491c70d4fabc4cafcf0f87d6b656af168ee7bb3c45de9128a801cb612e6eeeefc64d298a7524a698dd49b13b0121ae50c2ae305f0dcc5310
  languageName: node
  linkType: hard

"listenercount@npm:~1.0.1":
  version: 1.0.1
  resolution: "listenercount@npm:1.0.1"
  checksum: 0f1c9077cdaf2ebc16473c7d72eb7de6d983898ca42500f03da63c3914b6b312dd5f7a90d2657691ea25adf3fe0ac5a43226e8b2c673fd73415ed038041f4757
  languageName: node
  linkType: hard

"locate-path@npm:^5.0.0":
  version: 5.0.0
  resolution: "locate-path@npm:5.0.0"
  dependencies:
    p-locate: ^4.1.0
  checksum: 83e51725e67517287d73e1ded92b28602e3ae5580b301fe54bfb76c0c723e3f285b19252e375712316774cf52006cb236aed5704692c32db0d5d089b69696e30
  languageName: node
  linkType: hard

"lodash-es@npm:^4.17.15":
  version: 4.17.21
  resolution: "lodash-es@npm:4.17.21"
  checksum: 05cbffad6e2adbb331a4e16fbd826e7faee403a1a04873b82b42c0f22090f280839f85b95393f487c1303c8a3d2a010048bf06151a6cbe03eee4d388fb0a12d2
  languageName: node
  linkType: hard

"lodash._baseiteratee@npm:~4.7.0":
  version: 4.7.0
  resolution: "lodash._baseiteratee@npm:4.7.0"
  dependencies:
    lodash._stringtopath: ~4.8.0
  checksum: 814a7125b9e2fa7e436c4402eae842a200189e2839b56bd6cde7cd0a3628b60842f5d39a9f5dceaf8766669b2e4a17a36ce2a213d1d6a891c1bef8a6bda36ea9
  languageName: node
  linkType: hard

"lodash._basetostring@npm:~4.12.0":
  version: 4.12.0
  resolution: "lodash._basetostring@npm:4.12.0"
  checksum: ccaf83827f86be5c9daeb7b939f761d6a43f0de0781bc3b6772fcb8568fbcbfa1e1082c66e5e12dd23e00ac40a18349c5a793a6a552e3574cbbcb3e1545fcb4c
  languageName: node
  linkType: hard

"lodash._baseuniq@npm:~4.6.0":
  version: 4.6.0
  resolution: "lodash._baseuniq@npm:4.6.0"
  dependencies:
    lodash._createset: ~4.0.0
    lodash._root: ~3.0.0
  checksum: 8c16fe2e80716b18c2f28bbcc902768141d432b0b98e03b30a2fba6a097377fabdc8753da232568375d2aa9502dc6b3a390200aa1467d2f685a582a46a271936
  languageName: node
  linkType: hard

"lodash._createset@npm:~4.0.0":
  version: 4.0.3
  resolution: "lodash._createset@npm:4.0.3"
  checksum: fb4450fbf4846aa7b420837ee44400b88664e28499388b7e04b4db38adca1305915f68a245fb2a87e031e7f440b997de4f360de6dea2712952520e97c7898de1
  languageName: node
  linkType: hard

"lodash._root@npm:~3.0.0":
  version: 3.0.1
  resolution: "lodash._root@npm:3.0.1"
  checksum: 3e12c6f409ae13164a8db358f44a691f1e038dad4e25463802980d0ed641ed118c147b65657501c51778c885422b913264dfbe33ec0c5d676443dd630a7e685a
  languageName: node
  linkType: hard

"lodash._stringtopath@npm:~4.8.0":
  version: 4.8.0
  resolution: "lodash._stringtopath@npm:4.8.0"
  dependencies:
    lodash._basetostring: ~4.12.0
  checksum: 00663b317796333e6315ebb4e8b590e68845de10d5d25c7585751fd9d28adf3e60e1ce85a6fbb6a0d440447c841465b91877e761239e358231eed2f52f0a5472
  languageName: node
  linkType: hard

"lodash.defaults@npm:^4.2.0":
  version: 4.2.0
  resolution: "lodash.defaults@npm:4.2.0"
  checksum: 84923258235592c8886e29de5491946ff8c2ae5c82a7ac5cddd2e3cb697e6fbdfbbb6efcca015795c86eec2bb953a5a2ee4016e3735a3f02720428a40efbb8f1
  languageName: node
  linkType: hard

"lodash.difference@npm:^4.5.0":
  version: 4.5.0
  resolution: "lodash.difference@npm:4.5.0"
  checksum: ecee276aa578f300e79350805a14a51be8d1f12b3c1389a19996d8ab516f814211a5f65c68331571ecdad96522b863ccc484b55504ce8c9947212a29f8857d5a
  languageName: node
  linkType: hard

"lodash.flatten@npm:^4.4.0":
  version: 4.4.0
  resolution: "lodash.flatten@npm:4.4.0"
  checksum: 0ac34a393d4b795d4b7421153d27c13ae67e08786c9cbb60ff5b732210d46f833598eee3fb3844bb10070e8488efe390ea53bb567377e0cb47e9e630bf0811cb
  languageName: node
  linkType: hard

"lodash.isplainobject@npm:^4.0.6":
  version: 4.0.6
  resolution: "lodash.isplainobject@npm:4.0.6"
  checksum: 29c6351f281e0d9a1d58f1a4c8f4400924b4c79f18dfc4613624d7d54784df07efaff97c1ff2659f3e085ecf4fff493300adc4837553104cef2634110b0d5337
  languageName: node
  linkType: hard

"lodash.union@npm:^4.6.0":
  version: 4.6.0
  resolution: "lodash.union@npm:4.6.0"
  checksum: 1514dc6508b2614ec071a6470f36eb7a70f69bf1abb6d55bdfdc21069635a4517783654b28504c0f025059a7598d37529766888e6d5902b8ab28b712228f7b2a
  languageName: node
  linkType: hard

"lodash.uniqby@npm:4.5.0":
  version: 4.5.0
  resolution: "lodash.uniqby@npm:4.5.0"
  dependencies:
    lodash._baseiteratee: ~4.7.0
    lodash._baseuniq: ~4.6.0
  checksum: 40a4fdd4c31323fcb6db91ec3124020333212ca1f13e75cc9939decdd33e8b176d204fb277be36a51a855c2c90e14d67932b3b130b2f0eedc729e4cb9cdcaed1
  languageName: node
  linkType: hard

"lodash@npm:^4.17.20":
  version: 4.17.21
  resolution: "lodash@npm:4.17.21"
  checksum: eb835a2e51d381e561e508ce932ea50a8e5a68f4ebdd771ea240d3048244a8d13658acbd502cd4829768c56f2e16bdd4340b9ea141297d472517b83868e677f7
  languageName: node
  linkType: hard

"mime@npm:^3.0.0":
  version: 3.0.0
  resolution: "mime@npm:3.0.0"
  bin:
    mime: cli.js
  checksum: f43f9b7bfa64534e6b05bd6062961681aeb406a5b53673b53b683f27fcc4e739989941836a355eef831f4478923651ecc739f4a5f6e20a76487b432bfd4db928
  languageName: node
  linkType: hard

"minimatch@npm:^3.1.1":
  version: 3.1.2
  resolution: "minimatch@npm:3.1.2"
  dependencies:
    brace-expansion: ^1.1.7
  checksum: c154e566406683e7bcb746e000b84d74465b3a832c45d59912b9b55cd50dee66e5c4b1e5566dba26154040e51672f9aa450a9aef0c97cfc7336b78b7afb9540a
  languageName: node
  linkType: hard

"minimatch@npm:^5.1.0":
  version: 5.1.6
  resolution: "minimatch@npm:5.1.6"
  dependencies:
    brace-expansion: ^2.0.1
  checksum: 7564208ef81d7065a370f788d337cd80a689e981042cb9a1d0e6580b6c6a8c9279eba80010516e258835a988363f99f54a6f711a315089b8b42694f5da9d0d77
  languageName: node
  linkType: hard

"minimist@npm:^1.2.6":
  version: 1.2.8
  resolution: "minimist@npm:1.2.8"
  checksum: 75a6d645fb122dad29c06a7597bddea977258957ed88d7a6df59b5cd3fe4a527e253e9bbf2e783e4b73657f9098b96a5fe96ab8a113655d4109108577ecf85b0
  languageName: node
  linkType: hard

"mkdirp-classic@npm:^0.5.2":
  version: 0.5.3
  resolution: "mkdirp-classic@npm:0.5.3"
  checksum: 3f4e088208270bbcc148d53b73e9a5bd9eef05ad2cbf3b3d0ff8795278d50dd1d11a8ef1875ff5aea3fa888931f95bfcb2ad5b7c1061cfefd6284d199e6776ac
  languageName: node
  linkType: hard

"mkdirp@npm:>=0.5 0":
  version: 0.5.6
  resolution: "mkdirp@npm:0.5.6"
  dependencies:
    minimist: ^1.2.6
  bin:
    mkdirp: bin/cmd.js
  checksum: 0c91b721bb12c3f9af4b77ebf73604baf350e64d80df91754dc509491ae93bf238581e59c7188360cec7cb62fc4100959245a42cfe01834efedc5e9d068376c2
  languageName: node
  linkType: hard

"ms@npm:2.1.2":
  version: 2.1.2
  resolution: "ms@npm:2.1.2"
  checksum: 673cdb2c3133eb050c745908d8ce632ed2c02d85640e2edb3ace856a2266a813b30c613569bf3354fdf4ea7d1a1494add3bfa95e2713baa27d0c2c71fc44f58f
  languageName: node
  linkType: hard

"ms@npm:^2.1.3":
  version: 2.1.3
  resolution: "ms@npm:2.1.3"
  checksum: aa92de608021b242401676e35cfa5aa42dd70cbdc082b916da7fb925c542173e36bce97ea3e804923fe92c0ad991434e4a38327e15a1b5b5f945d66df615ae6d
  languageName: node
  linkType: hard

"nanoclone@npm:^0.2.1":
  version: 0.2.1
  resolution: "nanoclone@npm:0.2.1"
  checksum: 96b2954e22f70561f41e20d69856266c65583c2a441dae108f1dc71b716785d2c8038dac5f1d5e92b117aed3825f526b53139e2e5d6e6db8a77cfa35b3b8bf40
  languageName: node
  linkType: hard

"node-fetch@npm:2.6.7":
  version: 2.6.7
  resolution: "node-fetch@npm:2.6.7"
  dependencies:
    whatwg-url: ^5.0.0
  peerDependencies:
    encoding: ^0.1.0
  peerDependenciesMeta:
    encoding:
      optional: true
  checksum: 8d816ffd1ee22cab8301c7756ef04f3437f18dace86a1dae22cf81db8ef29c0bf6655f3215cb0cdb22b420b6fe141e64b26905e7f33f9377a7fa59135ea3e10b
  languageName: node
  linkType: hard

"node-fetch@npm:^2.6.5":
  version: 2.7.0
  resolution: "node-fetch@npm:2.7.0"
  dependencies:
    whatwg-url: ^5.0.0
  peerDependencies:
    encoding: ^0.1.0
  peerDependenciesMeta:
    encoding:
      optional: true
  checksum: d76d2f5edb451a3f05b15115ec89fc6be39de37c6089f1b6368df03b91e1633fd379a7e01b7ab05089a25034b2023d959b47e59759cb38d88341b2459e89d6e5
  languageName: node
  linkType: hard

"node-webpmux@npm:^3.1.0":
  version: 3.1.9
  resolution: "node-webpmux@npm:3.1.9"
  checksum: 0b77eddfb0c67946d4e1026a3845e927c9fc7c2212a8e4552a176029d6fa7a40e77452e026027aab7891243b28298e7d9d4016a063a2e6d0baa2daf6af0c3df5
  languageName: node
  linkType: hard

"normalize-path@npm:^3.0.0":
  version: 3.0.0
  resolution: "normalize-path@npm:3.0.0"
  checksum: 88eeb4da891e10b1318c4b2476b6e2ecbeb5ff97d946815ffea7794c31a89017c70d7f34b3c2ebf23ef4e9fc9fb99f7dffe36da22011b5b5c6ffa34f4873ec20
  languageName: node
  linkType: hard

"numbered@npm:^1.1.0":
  version: 1.1.0
  resolution: "numbered@npm:1.1.0"
  checksum: cdc238990fe29818cb603ac8d4050ff82a05b63e10d8848d1ff1e315231e94813c48b405e651b22d32edc8ccf1f323920d1182ea02c081f11d94ea22b1f8c17a
  languageName: node
  linkType: hard

"once@npm:^1.3.0, once@npm:^1.3.1, once@npm:^1.4.0":
  version: 1.4.0
  resolution: "once@npm:1.4.0"
  dependencies:
    wrappy: 1
  checksum: cd0a88501333edd640d95f0d2700fbde6bff20b3d4d9bdc521bdd31af0656b5706570d6c6afe532045a20bb8dc0849f8332d6f2a416e0ba6d3d3b98806c7db68
  languageName: node
  linkType: hard

"overhead-plane-notifier@workspace:.":
  version: 0.0.0-use.local
  resolution: "overhead-plane-notifier@workspace:."
  dependencies:
    "@sapphire/prettier-config": ^2.0.0
    bree: ^9.1.3
    prettier: ^3.0.3
    qrcode-terminal: ^0.12.0
    whatsapp-web.js: ^1.23.0
  languageName: unknown
  linkType: soft

"p-finally@npm:^1.0.0":
  version: 1.0.0
  resolution: "p-finally@npm:1.0.0"
  checksum: 93a654c53dc805dd5b5891bab16eb0ea46db8f66c4bfd99336ae929323b1af2b70a8b0654f8f1eae924b2b73d037031366d645f1fd18b3d30cbd15950cc4b1d4
  languageName: node
  linkType: hard

"p-limit@npm:^2.2.0":
  version: 2.3.0
  resolution: "p-limit@npm:2.3.0"
  dependencies:
    p-try: ^2.0.0
  checksum: 84ff17f1a38126c3314e91ecfe56aecbf36430940e2873dadaa773ffe072dc23b7af8e46d4b6485d302a11673fe94c6b67ca2cfbb60c989848b02100d0594ac1
  languageName: node
  linkType: hard

"p-locate@npm:^4.1.0":
  version: 4.1.0
  resolution: "p-locate@npm:4.1.0"
  dependencies:
    p-limit: ^2.2.0
  checksum: 513bd14a455f5da4ebfcb819ef706c54adb09097703de6aeaa5d26fe5ea16df92b48d1ac45e01e3944ce1e6aa2a66f7f8894742b8c9d6e276e16cd2049a2b870
  languageName: node
  linkType: hard

"p-timeout@npm:^3.0.0":
  version: 3.2.0
  resolution: "p-timeout@npm:3.2.0"
  dependencies:
    p-finally: ^1.0.0
  checksum: 3dd0eaa048780a6f23e5855df3dd45c7beacff1f820476c1d0d1bcd6648e3298752ba2c877aa1c92f6453c7dd23faaf13d9f5149fc14c0598a142e2c5e8d649c
  languageName: node
  linkType: hard

"p-try@npm:^2.0.0":
  version: 2.2.0
  resolution: "p-try@npm:2.2.0"
  checksum: f8a8e9a7693659383f06aec604ad5ead237c7a261c18048a6e1b5b85a5f8a067e469aa24f5bc009b991ea3b058a87f5065ef4176793a200d4917349881216cae
  languageName: node
  linkType: hard

"p-wait-for@npm:3":
  version: 3.2.0
  resolution: "p-wait-for@npm:3.2.0"
  dependencies:
    p-timeout: ^3.0.0
  checksum: 7f6840e9233d96836a233dee9c5b1c711bfdf76228d0eaea68fa74a79418f5eef6dc1915dadd28d17312a99f6a53daa308b1c18b779bc9c1dabcae3d6b35a086
  languageName: node
  linkType: hard

"path-exists@npm:^4.0.0":
  version: 4.0.0
  resolution: "path-exists@npm:4.0.0"
  checksum: 505807199dfb7c50737b057dd8d351b82c033029ab94cb10a657609e00c1bc53b951cfdbccab8de04c5584d5eff31128ce6afd3db79281874a5ef2adbba55ed1
  languageName: node
  linkType: hard

"path-is-absolute@npm:^1.0.0":
  version: 1.0.1
  resolution: "path-is-absolute@npm:1.0.1"
  checksum: 060840f92cf8effa293bcc1bea81281bd7d363731d214cbe5c227df207c34cd727430f70c6037b5159c8a870b9157cba65e775446b0ab06fd5ecc7e54615a3b8
  languageName: node
  linkType: hard

"pend@npm:~1.2.0":
  version: 1.2.0
  resolution: "pend@npm:1.2.0"
  checksum: 6c72f5243303d9c60bd98e6446ba7d30ae29e3d56fdb6fae8767e8ba6386f33ee284c97efe3230a0d0217e2b1723b8ab490b1bbf34fcbb2180dbc8a9de47850d
  languageName: node
  linkType: hard

"pkg-dir@npm:4.2.0":
  version: 4.2.0
  resolution: "pkg-dir@npm:4.2.0"
  dependencies:
    find-up: ^4.0.0
  checksum: 9863e3f35132bf99ae1636d31ff1e1e3501251d480336edb1c211133c8d58906bed80f154a1d723652df1fda91e01c7442c2eeaf9dc83157c7ae89087e43c8d6
  languageName: node
  linkType: hard

"prettier@npm:^3.0.0, prettier@npm:^3.0.3":
  version: 3.0.3
  resolution: "prettier@npm:3.0.3"
  bin:
    prettier: bin/prettier.cjs
  checksum: e10b9af02b281f6c617362ebd2571b1d7fc9fb8a3bd17e371754428cda992e5e8d8b7a046e8f7d3e2da1dcd21aa001e2e3c797402ebb6111b5cd19609dd228e0
  languageName: node
  linkType: hard

"process-nextick-args@npm:~2.0.0":
  version: 2.0.1
  resolution: "process-nextick-args@npm:2.0.1"
  checksum: 1d38588e520dab7cea67cbbe2efdd86a10cc7a074c09657635e34f035277b59fbb57d09d8638346bf7090f8e8ebc070c96fa5fd183b777fff4f5edff5e9466cf
  languageName: node
  linkType: hard

"progress@npm:2.0.3":
  version: 2.0.3
  resolution: "progress@npm:2.0.3"
  checksum: f67403fe7b34912148d9252cb7481266a354bd99ce82c835f79070643bb3c6583d10dbcfda4d41e04bbc1d8437e9af0fb1e1f2135727878f5308682a579429b7
  languageName: node
  linkType: hard

"property-expr@npm:^2.0.4":
  version: 2.0.6
  resolution: "property-expr@npm:2.0.6"
  checksum: 89977f4bb230736c1876f460dd7ca9328034502fd92e738deb40516d16564b850c0bbc4e052c3df88b5b8cd58e51c93b46a94bea049a3f23f4a022c038864cab
  languageName: node
  linkType: hard

"proxy-from-env@npm:1.1.0":
  version: 1.1.0
  resolution: "proxy-from-env@npm:1.1.0"
  checksum: ed7fcc2ba0a33404958e34d95d18638249a68c430e30fcb6c478497d72739ba64ce9810a24f53a7d921d0c065e5b78e3822759800698167256b04659366ca4d4
  languageName: node
  linkType: hard

"pump@npm:^3.0.0":
  version: 3.0.0
  resolution: "pump@npm:3.0.0"
  dependencies:
    end-of-stream: ^1.1.0
    once: ^1.3.1
  checksum: e42e9229fba14732593a718b04cb5e1cfef8254544870997e0ecd9732b189a48e1256e4e5478148ecb47c8511dca2b09eae56b4d0aad8009e6fac8072923cfc9
  languageName: node
  linkType: hard

"puppeteer@npm:^13.0.0":
  version: 13.7.0
  resolution: "puppeteer@npm:13.7.0"
  dependencies:
    cross-fetch: 3.1.5
    debug: 4.3.4
    devtools-protocol: 0.0.981744
    extract-zip: 2.0.1
    https-proxy-agent: 5.0.1
    pkg-dir: 4.2.0
    progress: 2.0.3
    proxy-from-env: 1.1.0
    rimraf: 3.0.2
    tar-fs: 2.1.1
    unbzip2-stream: 1.4.3
    ws: 8.5.0
  checksum: 4062b3ac3330e70d58095c1e0c5a46cada39a3fc5608e0e0e204448a400aef4d785a3b21d9e7733b2b2dc8cf686a476abf016f05d2e9108b3753dd41d62b9d1c
  languageName: node
  linkType: hard

"qrcode-terminal@npm:^0.12.0":
  version: 0.12.0
  resolution: "qrcode-terminal@npm:0.12.0"
  bin:
    qrcode-terminal: ./bin/qrcode-terminal.js
  checksum: 51638d11d080e06ef79ef2d5cfe911202159e48d2873d6a80a3c5489b4b767acf4754811ceba4e113db8f41f61a06c163bcb17e6e18e6b34e04a7a5155dac974
  languageName: node
  linkType: hard

"readable-stream@npm:^2.0.0, readable-stream@npm:^2.0.2, readable-stream@npm:^2.0.5, readable-stream@npm:~2.3.6":
  version: 2.3.8
  resolution: "readable-stream@npm:2.3.8"
  dependencies:
    core-util-is: ~1.0.0
    inherits: ~2.0.3
    isarray: ~1.0.0
    process-nextick-args: ~2.0.0
    safe-buffer: ~5.1.1
    string_decoder: ~1.1.1
    util-deprecate: ~1.0.1
  checksum: 65645467038704f0c8aaf026a72fbb588a9e2ef7a75cd57a01702ee9db1c4a1e4b03aaad36861a6a0926546a74d174149c8c207527963e0c2d3eee2f37678a42
  languageName: node
  linkType: hard

"readable-stream@npm:^3.1.1, readable-stream@npm:^3.4.0, readable-stream@npm:^3.6.0":
  version: 3.6.2
  resolution: "readable-stream@npm:3.6.2"
  dependencies:
    inherits: ^2.0.3
    string_decoder: ^1.1.1
    util-deprecate: ^1.0.1
  checksum: bdcbe6c22e846b6af075e32cf8f4751c2576238c5043169a1c221c92ee2878458a816a4ea33f4c67623c0b6827c8a400409bfb3cf0bf3381392d0b1dfb52ac8d
  languageName: node
  linkType: hard

"readdir-glob@npm:^1.1.2":
  version: 1.1.3
  resolution: "readdir-glob@npm:1.1.3"
  dependencies:
    minimatch: ^5.1.0
  checksum: 1dc0f7440ff5d9378b593abe9d42f34ebaf387516615e98ab410cf3a68f840abbf9ff1032d15e0a0dbffa78f9e2c46d4fafdbaac1ca435af2efe3264e3f21874
  languageName: node
  linkType: hard

"regenerator-runtime@npm:^0.14.0":
  version: 0.14.0
  resolution: "regenerator-runtime@npm:0.14.0"
  checksum: 1c977ad82a82a4412e4f639d65d22be376d3ebdd30da2c003eeafdaaacd03fc00c2320f18120007ee700900979284fc78a9f00da7fb593f6e6eeebc673fba9a3
  languageName: node
  linkType: hard

"rimraf@npm:2":
  version: 2.7.1
  resolution: "rimraf@npm:2.7.1"
  dependencies:
    glob: ^7.1.3
  bin:
    rimraf: ./bin.js
  checksum: cdc7f6eacb17927f2a075117a823e1c5951792c6498ebcce81ca8203454a811d4cf8900314154d3259bb8f0b42ab17f67396a8694a54cae3283326e57ad250cd
  languageName: node
  linkType: hard

"rimraf@npm:3.0.2":
  version: 3.0.2
  resolution: "rimraf@npm:3.0.2"
  dependencies:
    glob: ^7.1.3
  bin:
    rimraf: bin.js
  checksum: 87f4164e396f0171b0a3386cc1877a817f572148ee13a7e113b238e48e8a9f2f31d009a92ec38a591ff1567d9662c6b67fd8818a2dbbaed74bc26a87a2a4a9a0
  languageName: node
  linkType: hard

"safe-buffer@npm:~5.1.0, safe-buffer@npm:~5.1.1":
  version: 5.1.2
  resolution: "safe-buffer@npm:5.1.2"
  checksum: f2f1f7943ca44a594893a852894055cf619c1fbcb611237fc39e461ae751187e7baf4dc391a72125e0ac4fb2d8c5c0b3c71529622e6a58f46b960211e704903c
  languageName: node
  linkType: hard

"safe-buffer@npm:~5.2.0":
  version: 5.2.1
  resolution: "safe-buffer@npm:5.2.1"
  checksum: b99c4b41fdd67a6aaf280fcd05e9ffb0813654894223afb78a31f14a19ad220bba8aba1cb14eddce1fcfb037155fe6de4e861784eb434f7d11ed58d1e70dd491
  languageName: node
  linkType: hard

"safe-timers@npm:^1.1.0":
  version: 1.1.0
  resolution: "safe-timers@npm:1.1.0"
  checksum: 6387c1e09fae12c4b96fb62e2575ace9ec6b1f73ad73d937e0ecc79de92cb64e56dbbfa60a8d5d7c54c035960457fa59cffd5d6b396fe0d82ed8042c889a7f1a
  languageName: node
  linkType: hard

"setimmediate@npm:~1.0.4":
  version: 1.0.5
  resolution: "setimmediate@npm:1.0.5"
  checksum: c9a6f2c5b51a2dabdc0247db9c46460152ffc62ee139f3157440bd48e7c59425093f42719ac1d7931f054f153e2d26cf37dfeb8da17a794a58198a2705e527fd
  languageName: node
  linkType: hard

"string_decoder@npm:^1.1.1":
  version: 1.3.0
  resolution: "string_decoder@npm:1.3.0"
  dependencies:
    safe-buffer: ~5.2.0
  checksum: 8417646695a66e73aefc4420eb3b84cc9ffd89572861fe004e6aeb13c7bc00e2f616247505d2dbbef24247c372f70268f594af7126f43548565c68c117bdeb56
  languageName: node
  linkType: hard

"string_decoder@npm:~1.1.1":
  version: 1.1.1
  resolution: "string_decoder@npm:1.1.1"
  dependencies:
    safe-buffer: ~5.1.0
  checksum: 9ab7e56f9d60a28f2be697419917c50cac19f3e8e6c28ef26ed5f4852289fe0de5d6997d29becf59028556f2c62983790c1d9ba1e2a3cc401768ca12d5183a5b
  languageName: node
  linkType: hard

"tar-fs@npm:2.1.1":
  version: 2.1.1
  resolution: "tar-fs@npm:2.1.1"
  dependencies:
    chownr: ^1.1.1
    mkdirp-classic: ^0.5.2
    pump: ^3.0.0
    tar-stream: ^2.1.4
  checksum: f5b9a70059f5b2969e65f037b4e4da2daf0fa762d3d232ffd96e819e3f94665dbbbe62f76f084f1acb4dbdcce16c6e4dac08d12ffc6d24b8d76720f4d9cf032d
  languageName: node
  linkType: hard

"tar-stream@npm:^2.1.4, tar-stream@npm:^2.2.0":
  version: 2.2.0
  resolution: "tar-stream@npm:2.2.0"
  dependencies:
    bl: ^4.0.3
    end-of-stream: ^1.4.1
    fs-constants: ^1.0.0
    inherits: ^2.0.3
    readable-stream: ^3.1.1
  checksum: 699831a8b97666ef50021c767f84924cfee21c142c2eb0e79c63254e140e6408d6d55a065a2992548e72b06de39237ef2b802b99e3ece93ca3904a37622a66f3
  languageName: node
  linkType: hard

"through@npm:^2.3.8":
  version: 2.3.8
  resolution: "through@npm:2.3.8"
  checksum: a38c3e059853c494af95d50c072b83f8b676a9ba2818dcc5b108ef252230735c54e0185437618596c790bbba8fcdaef5b290405981ffa09dce67b1f1bf190cbd
  languageName: node
  linkType: hard

"toposort@npm:^2.0.2":
  version: 2.0.2
  resolution: "toposort@npm:2.0.2"
  checksum: d64c74b570391c9432873f48e231b439ee56bc49f7cb9780b505cfdf5cb832f808d0bae072515d93834dd6bceca5bb34448b5b4b408335e4d4716eaf68195dcb
  languageName: node
  linkType: hard

"tr46@npm:~0.0.3":
  version: 0.0.3
  resolution: "tr46@npm:0.0.3"
  checksum: 726321c5eaf41b5002e17ffbd1fb7245999a073e8979085dacd47c4b4e8068ff5777142fc6726d6ca1fd2ff16921b48788b87225cbc57c72636f6efa8efbffe3
  languageName: node
  linkType: hard

"traverse@npm:>=0.3.0 <0.4":
  version: 0.3.9
  resolution: "traverse@npm:0.3.9"
  checksum: 982982e4e249e9bbf063732a41fe5595939892758524bbef5d547c67cdf371b13af72b5434c6a61d88d4bb4351d6dabc6e22d832e0d16bc1bc684ef97a1cc59e
  languageName: node
  linkType: hard

"unbzip2-stream@npm:1.4.3":
  version: 1.4.3
  resolution: "unbzip2-stream@npm:1.4.3"
  dependencies:
    buffer: ^5.2.1
    through: ^2.3.8
  checksum: 0e67c4a91f4fa0fc7b4045f8b914d3498c2fc2e8c39c359977708ec85ac6d6029840e97f508675fdbdf21fcb8d276ca502043406f3682b70f075e69aae626d1d
  languageName: node
  linkType: hard

"undici-types@npm:~5.25.1":
  version: 5.25.3
  resolution: "undici-types@npm:5.25.3"
  checksum: ec9d2cc36520cbd9fbe3b3b6c682a87fe5be214699e1f57d1e3d9a2cb5be422e62735f06e0067dc325fd3dd7404c697e4d479f9147dc8a804e049e29f357f2ff
  languageName: node
  linkType: hard

"universalify@npm:^2.0.0":
  version: 2.0.0
  resolution: "universalify@npm:2.0.0"
  checksum: 2406a4edf4a8830aa6813278bab1f953a8e40f2f63a37873ffa9a3bc8f9745d06cc8e88f3572cb899b7e509013f7f6fcc3e37e8a6d914167a5381d8440518c44
  languageName: node
  linkType: hard

"unzipper@npm:^0.10.11":
  version: 0.10.14
  resolution: "unzipper@npm:0.10.14"
  dependencies:
    big-integer: ^1.6.17
    binary: ~0.3.0
    bluebird: ~3.4.1
    buffer-indexof-polyfill: ~1.0.0
    duplexer2: ~0.1.4
    fstream: ^1.0.12
    graceful-fs: ^4.2.2
    listenercount: ~1.0.1
    readable-stream: ~2.3.6
    setimmediate: ~1.0.4
  checksum: b46ae9a72e4b4c224be6a8f46447dd7cb3761a59450827e869747c4564a8f555f877fc19c7e3b5d146127a7dd3e2ffea186116682f6646e64479f99dd23565bc
  languageName: node
  linkType: hard

"util-deprecate@npm:^1.0.1, util-deprecate@npm:~1.0.1":
  version: 1.0.2
  resolution: "util-deprecate@npm:1.0.2"
  checksum: 474acf1146cb2701fe3b074892217553dfcf9a031280919ba1b8d651a068c9b15d863b7303cb15bd00a862b498e6cf4ad7b4a08fb134edd5a6f7641681cb54a2
  languageName: node
  linkType: hard

"webidl-conversions@npm:^3.0.0":
  version: 3.0.1
  resolution: "webidl-conversions@npm:3.0.1"
  checksum: c92a0a6ab95314bde9c32e1d0a6dfac83b578f8fa5f21e675bc2706ed6981bc26b7eb7e6a1fab158e5ce4adf9caa4a0aee49a52505d4d13c7be545f15021b17c
  languageName: node
  linkType: hard

"whatsapp-web.js@npm:^1.23.0":
  version: 1.23.0
  resolution: "whatsapp-web.js@npm:1.23.0"
  dependencies:
    "@pedroslopez/moduleraid": ^5.0.2
    archiver: ^5.3.1
    fluent-ffmpeg: ^2.1.2
    fs-extra: ^10.1.0
    jsqr: ^1.3.1
    mime: ^3.0.0
    node-fetch: ^2.6.5
    node-webpmux: ^3.1.0
    puppeteer: ^13.0.0
    unzipper: ^0.10.11
  dependenciesMeta:
    archiver:
      optional: true
    fs-extra:
      optional: true
    unzipper:
      optional: true
  checksum: b4a670f0e438d8d746e789620b7793b70f0488f8b46c3205ebaa653736ef22e77b322123b89fafc47c0c904ad7a1ae3869f054a9cb1b9365d79e9e0df9b231e2
  languageName: node
  linkType: hard

"whatwg-url@npm:^5.0.0":
  version: 5.0.0
  resolution: "whatwg-url@npm:5.0.0"
  dependencies:
    tr46: ~0.0.3
    webidl-conversions: ^3.0.0
  checksum: b8daed4ad3356cc4899048a15b2c143a9aed0dfae1f611ebd55073310c7b910f522ad75d727346ad64203d7e6c79ef25eafd465f4d12775ca44b90fa82ed9e2c
  languageName: node
  linkType: hard

"which@npm:^1.1.1":
  version: 1.3.1
  resolution: "which@npm:1.3.1"
  dependencies:
    isexe: ^2.0.0
  bin:
    which: ./bin/which
  checksum: f2e185c6242244b8426c9df1510e86629192d93c1a986a7d2a591f2c24869e7ffd03d6dac07ca863b2e4c06f59a4cc9916c585b72ee9fa1aa609d0124df15e04
  languageName: node
  linkType: hard

"wrappy@npm:1":
  version: 1.0.2
  resolution: "wrappy@npm:1.0.2"
  checksum: 159da4805f7e84a3d003d8841557196034155008f817172d4e986bd591f74aa82aa7db55929a54222309e01079a65a92a9e6414da5a6aa4b01ee44a511ac3ee5
  languageName: node
  linkType: hard

"ws@npm:8.5.0":
  version: 8.5.0
  resolution: "ws@npm:8.5.0"
  peerDependencies:
    bufferutil: ^4.0.1
    utf-8-validate: ^5.0.2
  peerDependenciesMeta:
    bufferutil:
      optional: true
    utf-8-validate:
      optional: true
  checksum: 76f2f90e40344bf18fd544194e7067812fb1372b2a37865678d8f12afe4b478ff2ebc0c7c0aff82cd5e6b66fc43d889eec0f1865c2365d8f7a66d92da7744a77
  languageName: node
  linkType: hard

"yauzl@npm:^2.10.0":
  version: 2.10.0
  resolution: "yauzl@npm:2.10.0"
  dependencies:
    buffer-crc32: ~0.2.3
    fd-slicer: ~1.1.0
  checksum: 7f21fe0bbad6e2cb130044a5d1d0d5a0e5bf3d8d4f8c4e6ee12163ce798fee3de7388d22a7a0907f563ac5f9d40f8699a223d3d5c1718da90b0156da6904022b
  languageName: node
  linkType: hard

"yup@npm:0.32.9":
  version: 0.32.9
  resolution: "yup@npm:0.32.9"
  dependencies:
    "@babel/runtime": ^7.10.5
    "@types/lodash": ^4.14.165
    lodash: ^4.17.20
    lodash-es: ^4.17.15
    nanoclone: ^0.2.1
    property-expr: ^2.0.4
    toposort: ^2.0.2
  checksum: 3f33850913a237fb7e59b0b5c71d2cc6bdb1d6b2b01fc24c53ec68b35ad2b95cd49f735532117136495cb57f0ec58f0a7e1f1c55fad685555c7114155170f1ea
  languageName: node
  linkType: hard

"zip-stream@npm:^4.1.0":
  version: 4.1.1
  resolution: "zip-stream@npm:4.1.1"
  dependencies:
    archiver-utils: ^3.0.4
    compress-commons: ^4.1.2
    readable-stream: ^3.6.0
  checksum: 33bd5ee7017656c2ad728b5d4ba510e15bd65ce1ec180c5bbdc7a5f063256353ec482e6a2bc74de7515219d8494147924b9aae16e63fdaaf37cdf7d1ee8df125
  languageName: node
  linkType: hard
